// !$*UTF8*$!
{
	archiveVersion = 1;
	classes = {
	};
	objectVersion = 50;
	objects = {

/* Begin PBXBuildFile section */
		05FBF708ECB86BE06819588F /* libPods-PopcornUITests.a in Frameworks */ = {isa = PBXBuildFile; fileRef = 2A3F08E237C6D1752F5AC662 /* libPods-PopcornUITests.a */; };
		2615651B2112353B00930B68 /* Chat.m in Sources */ = {isa = PBXBuildFile; fileRef = 2615651A2112353B00930B68 /* Chat.m */; };
		2684D0BC20FD10C800FBB985 /* PCSearchViewController.m in Sources */ = {isa = PBXBuildFile; fileRef = 2684D0BB20FD10C800FBB985 /* PCSearchViewController.m */; };
		2684D0BF20FD159000FBB985 /* SearchCell.m in Sources */ = {isa = PBXBuildFile; fileRef = 2684D0BE20FD159000FBB985 /* SearchCell.m */; };
		26A04901210A6C6000DF8496 /* Movie.m in Sources */ = {isa = PBXBuildFile; fileRef = 26A04900210A6C6000DF8496 /* Movie.m */; };
		26A04904210A6DD100DF8496 /* PFUser+ExtendedUser.m in Sources */ = {isa = PBXBuildFile; fileRef = 26A04903210A6DD100DF8496 /* PFUser+ExtendedUser.m */; };
		26A0490A210A6F4C00DF8496 /* Relations.m in Sources */ = {isa = PBXBuildFile; fileRef = 26A04909210A6F4C00DF8496 /* Relations.m */; };
		26AF5796211A56B10046A658 /* myChatCell.m in Sources */ = {isa = PBXBuildFile; fileRef = 26AF5795211A56B10046A658 /* myChatCell.m */; };
		26B6B67A2106511D001BE727 /* SafariServices.framework in Frameworks */ = {isa = PBXBuildFile; fileRef = 26B6B6792106511D001BE727 /* SafariServices.framework */; settings = {ATTRIBUTES = (Required, ); }; };
		26B6B67C21068255001BE727 /* Profile.storyboard in Resources */ = {isa = PBXBuildFile; fileRef = 26B6B67B21068255001BE727 /* Profile.storyboard */; };
		26DBAEB0211126910025438D /* PCMovieDiscussionViewController.m in Sources */ = {isa = PBXBuildFile; fileRef = 26DBAEAF211126910025438D /* PCMovieDiscussionViewController.m */; };
		26DBAEB3211126E00025438D /* MovieDiscussion.storyboard in Resources */ = {isa = PBXBuildFile; fileRef = 26DBAEB2211126E00025438D /* MovieDiscussion.storyboard */; };
		26DBAEB9211136650025438D /* ChatCell.m in Sources */ = {isa = PBXBuildFile; fileRef = 26DBAEB8211136650025438D /* ChatCell.m */; };
		71658FBD20FD37C1002190B3 /* CastCollectionViewCell.m in Sources */ = {isa = PBXBuildFile; fileRef = 71658FBC20FD37C1002190B3 /* CastCollectionViewCell.m */; };
		7178E8A821010D2300431364 /* PCReviewViewController.m in Sources */ = {isa = PBXBuildFile; fileRef = 7178E8A721010D2300431364 /* PCReviewViewController.m */; };
		7178E8AB21010D4D00431364 /* ReviewCell.m in Sources */ = {isa = PBXBuildFile; fileRef = 7178E8AA21010D4D00431364 /* ReviewCell.m */; };
		718341162108EFA8003D9BDE /* ActorCreditsCollectionViewCell.m in Sources */ = {isa = PBXBuildFile; fileRef = 718341152108EFA8003D9BDE /* ActorCreditsCollectionViewCell.m */; };
		7188D3372107E4690057E9AE /* PCActorBioViewController.m in Sources */ = {isa = PBXBuildFile; fileRef = 7188D3362107E4690057E9AE /* PCActorBioViewController.m */; };
		7196BE5E21191D7900C7A7A1 /* ShadowButton.m in Sources */ = {isa = PBXBuildFile; fileRef = 7196BE5D21191D7900C7A7A1 /* ShadowButton.m */; };
		71A09CFF20FD11290047CB12 /* PCMovieDetailViewController.m in Sources */ = {isa = PBXBuildFile; fileRef = 71A09CFE20FD11290047CB12 /* PCMovieDetailViewController.m */; };
		71F631CA2102AD11001BAA77 /* PCActorDetailViewController.m in Sources */ = {isa = PBXBuildFile; fileRef = 71F631C92102AD11001BAA77 /* PCActorDetailViewController.m */; };
		72E3A4F7AC6317E958E370A2 /* libPods-Popcorn.a in Frameworks */ = {isa = PBXBuildFile; fileRef = 87164CDED101374CD543D693 /* libPods-Popcorn.a */; };
		951A791120FD0A89003D3901 /* AppDelegate.m in Sources */ = {isa = PBXBuildFile; fileRef = 951A791020FD0A89003D3901 /* AppDelegate.m */; };
		951A791720FD0A89003D3901 /* Main.storyboard in Resources */ = {isa = PBXBuildFile; fileRef = 951A791520FD0A89003D3901 /* Main.storyboard */; };
		951A791920FD0A8B003D3901 /* Assets.xcassets in Resources */ = {isa = PBXBuildFile; fileRef = 951A791820FD0A8B003D3901 /* Assets.xcassets */; };
		951A791C20FD0A8B003D3901 /* LaunchScreen.storyboard in Resources */ = {isa = PBXBuildFile; fileRef = 951A791A20FD0A8B003D3901 /* LaunchScreen.storyboard */; };
		951A791F20FD0A8B003D3901 /* main.m in Sources */ = {isa = PBXBuildFile; fileRef = 951A791E20FD0A8B003D3901 /* main.m */; };
		951A792920FD0A8B003D3901 /* PopcornTests.m in Sources */ = {isa = PBXBuildFile; fileRef = 951A792820FD0A8B003D3901 /* PopcornTests.m */; };
		951A793420FD0A8B003D3901 /* PopcornUITests.m in Sources */ = {isa = PBXBuildFile; fileRef = 951A793320FD0A8B003D3901 /* PopcornUITests.m */; };
		951A794520FD0CB5003D3901 /* Library.storyboard in Resources */ = {isa = PBXBuildFile; fileRef = 951A794420FD0CB5003D3901 /* Library.storyboard */; };
		951A794720FD0CC1003D3901 /* Search.storyboard in Resources */ = {isa = PBXBuildFile; fileRef = 951A794620FD0CC1003D3901 /* Search.storyboard */; };
		951A794920FD0CCC003D3901 /* Detail.storyboard in Resources */ = {isa = PBXBuildFile; fileRef = 951A794820FD0CCC003D3901 /* Detail.storyboard */; };
		951A794C20FD0E42003D3901 /* PCLibraryViewController.m in Sources */ = {isa = PBXBuildFile; fileRef = 951A794B20FD0E42003D3901 /* PCLibraryViewController.m */; };
		951A794F20FD0E77003D3901 /* PCShelfViewController.m in Sources */ = {isa = PBXBuildFile; fileRef = 951A794E20FD0E77003D3901 /* PCShelfViewController.m */; };
		951A795320FD0F2F003D3901 /* APIManager.m in Sources */ = {isa = PBXBuildFile; fileRef = 951A795220FD0F2F003D3901 /* APIManager.m */; };
		951A795620FD11A1003D3901 /* LibraryCell.m in Sources */ = {isa = PBXBuildFile; fileRef = 951A795520FD11A1003D3901 /* LibraryCell.m */; };
		953A1AAA2107F018008215B0 /* UserSearch.storyboard in Resources */ = {isa = PBXBuildFile; fileRef = 953A1AA92107F018008215B0 /* UserSearch.storyboard */; };
		953A1AAD2107F097008215B0 /* PCUserSearchViewController.m in Sources */ = {isa = PBXBuildFile; fileRef = 953A1AAC2107F097008215B0 /* PCUserSearchViewController.m */; };
		953A1AB02107F214008215B0 /* UserSearchCell.m in Sources */ = {isa = PBXBuildFile; fileRef = 953A1AAF2107F214008215B0 /* UserSearchCell.m */; };
		953A1AB2210927A2008215B0 /* Review.storyboard in Resources */ = {isa = PBXBuildFile; fileRef = 953A1AB1210927A2008215B0 /* Review.storyboard */; };
		953A1AB921092A74008215B0 /* PCWriteReviewViewController.m in Sources */ = {isa = PBXBuildFile; fileRef = 953A1AB821092A74008215B0 /* PCWriteReviewViewController.m */; };
		953A1ABF210B8973008215B0 /* ProfileInfoCell.m in Sources */ = {isa = PBXBuildFile; fileRef = 953A1ABE210B8973008215B0 /* ProfileInfoCell.m */; };
		953A1AC2210B89D4008215B0 /* PCUserProfileViewController.m in Sources */ = {isa = PBXBuildFile; fileRef = 953A1AC1210B89D4008215B0 /* PCUserProfileViewController.m */; };
		953A1AC4210BD061008215B0 /* Feed.storyboard in Resources */ = {isa = PBXBuildFile; fileRef = 953A1AC3210BD061008215B0 /* Feed.storyboard */; };
		953A1AC8210BD0F4008215B0 /* PCFeedViewController.m in Sources */ = {isa = PBXBuildFile; fileRef = 953A1AC7210BD0F4008215B0 /* PCFeedViewController.m */; };
		953A1ACB210BD1E3008215B0 /* FeedReviewCell.m in Sources */ = {isa = PBXBuildFile; fileRef = 953A1ACA210BD1E3008215B0 /* FeedReviewCell.m */; };
		953A1ACE210F839A008215B0 /* Post.m in Sources */ = {isa = PBXBuildFile; fileRef = 953A1ACD210F839A008215B0 /* Post.m */; };
		953A1AD4210FD0E8008215B0 /* ShelfUpdateCell.m in Sources */ = {isa = PBXBuildFile; fileRef = 953A1AD3210FD0E8008215B0 /* ShelfUpdateCell.m */; };
		953A1AD72110F24D008215B0 /* PCSingleReviewViewController.m in Sources */ = {isa = PBXBuildFile; fileRef = 953A1AD62110F24D008215B0 /* PCSingleReviewViewController.m */; };
		953A1AD921121923008215B0 /* Map.storyboard in Resources */ = {isa = PBXBuildFile; fileRef = 953A1AD821121923008215B0 /* Map.storyboard */; };
		953A1ADD2112195E008215B0 /* PCMapViewController.m in Sources */ = {isa = PBXBuildFile; fileRef = 953A1ADC2112195E008215B0 /* PCMapViewController.m */; };
		953A1AE021121E41008215B0 /* APIManagerMovieGlu.m in Sources */ = {isa = PBXBuildFile; fileRef = 953A1ADF21121E41008215B0 /* APIManagerMovieGlu.m */; };
		953A1AE221122034008215B0 /* MapKit.framework in Frameworks */ = {isa = PBXBuildFile; fileRef = 953A1AE121122034008215B0 /* MapKit.framework */; };
		953A1AE521139CEE008215B0 /* PCMapDetailViewController.m in Sources */ = {isa = PBXBuildFile; fileRef = 953A1AE421139CEE008215B0 /* PCMapDetailViewController.m */; };
		953A1AE821139E8A008215B0 /* TheatreAnnotation.m in Sources */ = {isa = PBXBuildFile; fileRef = 953A1AE721139E8A008215B0 /* TheatreAnnotation.m */; };
		953A1AEB2114CCB5008215B0 /* TheatreMoviesCell.m in Sources */ = {isa = PBXBuildFile; fileRef = 953A1AEA2114CCB5008215B0 /* TheatreMoviesCell.m */; };
		959B2AF920FFEB1D005D418E /* PCTrailerViewController.m in Sources */ = {isa = PBXBuildFile; fileRef = 959B2AF820FFEB1D005D418E /* PCTrailerViewController.m */; };
		959B2AFB20FFF15A005D418E /* WebKit.framework in Frameworks */ = {isa = PBXBuildFile; fileRef = 959B2AFA20FFF15A005D418E /* WebKit.framework */; };
		959B2AFE210003B0005D418E /* PCShelfPickerViewController.m in Sources */ = {isa = PBXBuildFile; fileRef = 959B2AFD210003B0005D418E /* PCShelfPickerViewController.m */; };
		959B2B012100F8B6005D418E /* ShelfPickerCell.m in Sources */ = {isa = PBXBuildFile; fileRef = 959B2B002100F8B6005D418E /* ShelfPickerCell.m */; };
		959B2B0321010610005D418E /* ShelfPicker.storyboard in Resources */ = {isa = PBXBuildFile; fileRef = 959B2B0221010610005D418E /* ShelfPicker.storyboard */; };
		959B2B0B2102476E005D418E /* Trailer.storyboard in Resources */ = {isa = PBXBuildFile; fileRef = 959B2B0A2102476E005D418E /* Trailer.storyboard */; };
		95A313E321028A70006F1828 /* PCWebLoginViewController.m in Sources */ = {isa = PBXBuildFile; fileRef = 95A313E221028A70006F1828 /* PCWebLoginViewController.m */; };
		95A313E6210290EB006F1828 /* PCLoginViewController.m in Sources */ = {isa = PBXBuildFile; fileRef = 95A313E5210290EB006F1828 /* PCLoginViewController.m */; };
		C660BF8415E67FDA89301433 /* libPods-PopcornTests.a in Frameworks */ = {isa = PBXBuildFile; fileRef = B1BA7D043754D36BBAF50845 /* libPods-PopcornTests.a */; };
/* End PBXBuildFile section */

/* Begin PBXContainerItemProxy section */
		951A792520FD0A8B003D3901 /* PBXContainerItemProxy */ = {
			isa = PBXContainerItemProxy;
			containerPortal = 951A790420FD0A89003D3901 /* Project object */;
			proxyType = 1;
			remoteGlobalIDString = 951A790B20FD0A89003D3901;
			remoteInfo = Popcorn;
		};
		951A793020FD0A8B003D3901 /* PBXContainerItemProxy */ = {
			isa = PBXContainerItemProxy;
			containerPortal = 951A790420FD0A89003D3901 /* Project object */;
			proxyType = 1;
			remoteGlobalIDString = 951A790B20FD0A89003D3901;
			remoteInfo = Popcorn;
		};
/* End PBXContainerItemProxy section */

/* Begin PBXFileReference section */
		0B6218C2BCC13B7F500C09ED /* Pods-PopcornUITests.debug.xcconfig */ = {isa = PBXFileReference; includeInIndex = 1; lastKnownFileType = text.xcconfig; name = "Pods-PopcornUITests.debug.xcconfig"; path = "Pods/Target Support Files/Pods-PopcornUITests/Pods-PopcornUITests.debug.xcconfig"; sourceTree = "<group>"; };
		24D5563D194E4060F7DE0628 /* Pods-Popcorn.debug.xcconfig */ = {isa = PBXFileReference; includeInIndex = 1; lastKnownFileType = text.xcconfig; name = "Pods-Popcorn.debug.xcconfig"; path = "Pods/Target Support Files/Pods-Popcorn/Pods-Popcorn.debug.xcconfig"; sourceTree = "<group>"; };
		261565192112353B00930B68 /* Chat.h */ = {isa = PBXFileReference; lastKnownFileType = sourcecode.c.h; path = Chat.h; sourceTree = "<group>"; };
		2615651A2112353B00930B68 /* Chat.m */ = {isa = PBXFileReference; lastKnownFileType = sourcecode.c.objc; path = Chat.m; sourceTree = "<group>"; };
		2684D0BA20FD10C800FBB985 /* PCSearchViewController.h */ = {isa = PBXFileReference; lastKnownFileType = sourcecode.c.h; path = PCSearchViewController.h; sourceTree = "<group>"; };
		2684D0BB20FD10C800FBB985 /* PCSearchViewController.m */ = {isa = PBXFileReference; lastKnownFileType = sourcecode.c.objc; path = PCSearchViewController.m; sourceTree = "<group>"; };
		2684D0BD20FD159000FBB985 /* SearchCell.h */ = {isa = PBXFileReference; lastKnownFileType = sourcecode.c.h; path = SearchCell.h; sourceTree = SOURCE_ROOT; };
		2684D0BE20FD159000FBB985 /* SearchCell.m */ = {isa = PBXFileReference; lastKnownFileType = sourcecode.c.objc; path = SearchCell.m; sourceTree = SOURCE_ROOT; };
		26A048FF210A6C6000DF8496 /* Movie.h */ = {isa = PBXFileReference; lastKnownFileType = sourcecode.c.h; path = Movie.h; sourceTree = "<group>"; };
		26A04900210A6C6000DF8496 /* Movie.m */ = {isa = PBXFileReference; lastKnownFileType = sourcecode.c.objc; path = Movie.m; sourceTree = "<group>"; };
		26A04902210A6DD100DF8496 /* PFUser+ExtendedUser.h */ = {isa = PBXFileReference; lastKnownFileType = sourcecode.c.h; path = "PFUser+ExtendedUser.h"; sourceTree = "<group>"; };
		26A04903210A6DD100DF8496 /* PFUser+ExtendedUser.m */ = {isa = PBXFileReference; lastKnownFileType = sourcecode.c.objc; path = "PFUser+ExtendedUser.m"; sourceTree = "<group>"; };
		26A04908210A6F4C00DF8496 /* Relations.h */ = {isa = PBXFileReference; lastKnownFileType = sourcecode.c.h; path = Relations.h; sourceTree = "<group>"; };
		26A04909210A6F4C00DF8496 /* Relations.m */ = {isa = PBXFileReference; lastKnownFileType = sourcecode.c.objc; path = Relations.m; sourceTree = "<group>"; };
		26AF5794211A56B10046A658 /* myChatCell.h */ = {isa = PBXFileReference; lastKnownFileType = sourcecode.c.h; path = myChatCell.h; sourceTree = "<group>"; };
		26AF5795211A56B10046A658 /* myChatCell.m */ = {isa = PBXFileReference; lastKnownFileType = sourcecode.c.objc; path = myChatCell.m; sourceTree = "<group>"; };
		26B6B6792106511D001BE727 /* SafariServices.framework */ = {isa = PBXFileReference; lastKnownFileType = wrapper.framework; name = SafariServices.framework; path = System/Library/Frameworks/SafariServices.framework; sourceTree = SDKROOT; };
		26B6B67B21068255001BE727 /* Profile.storyboard */ = {isa = PBXFileReference; lastKnownFileType = file.storyboard; path = Profile.storyboard; sourceTree = "<group>"; };
		26DBAEAE211126910025438D /* PCMovieDiscussionViewController.h */ = {isa = PBXFileReference; lastKnownFileType = sourcecode.c.h; path = PCMovieDiscussionViewController.h; sourceTree = "<group>"; };
		26DBAEAF211126910025438D /* PCMovieDiscussionViewController.m */ = {isa = PBXFileReference; lastKnownFileType = sourcecode.c.objc; path = PCMovieDiscussionViewController.m; sourceTree = "<group>"; };
		26DBAEB2211126E00025438D /* MovieDiscussion.storyboard */ = {isa = PBXFileReference; lastKnownFileType = file.storyboard; path = MovieDiscussion.storyboard; sourceTree = "<group>"; };
		26DBAEB7211136650025438D /* ChatCell.h */ = {isa = PBXFileReference; lastKnownFileType = sourcecode.c.h; path = ChatCell.h; sourceTree = "<group>"; };
		26DBAEB8211136650025438D /* ChatCell.m */ = {isa = PBXFileReference; lastKnownFileType = sourcecode.c.objc; path = ChatCell.m; sourceTree = "<group>"; };
		2A3F08E237C6D1752F5AC662 /* libPods-PopcornUITests.a */ = {isa = PBXFileReference; explicitFileType = archive.ar; includeInIndex = 0; path = "libPods-PopcornUITests.a"; sourceTree = BUILT_PRODUCTS_DIR; };
		381BA8A5DE7ACA1F63323BB0 /* Pods-PopcornTests.release.xcconfig */ = {isa = PBXFileReference; includeInIndex = 1; lastKnownFileType = text.xcconfig; name = "Pods-PopcornTests.release.xcconfig"; path = "Pods/Target Support Files/Pods-PopcornTests/Pods-PopcornTests.release.xcconfig"; sourceTree = "<group>"; };
		71658FBB20FD37C1002190B3 /* CastCollectionViewCell.h */ = {isa = PBXFileReference; lastKnownFileType = sourcecode.c.h; name = CastCollectionViewCell.h; path = Popcorn/CastCollectionViewCell.h; sourceTree = SOURCE_ROOT; };
		71658FBC20FD37C1002190B3 /* CastCollectionViewCell.m */ = {isa = PBXFileReference; lastKnownFileType = sourcecode.c.objc; name = CastCollectionViewCell.m; path = Popcorn/CastCollectionViewCell.m; sourceTree = SOURCE_ROOT; };
		7178E8A621010D2300431364 /* PCReviewViewController.h */ = {isa = PBXFileReference; lastKnownFileType = sourcecode.c.h; path = PCReviewViewController.h; sourceTree = "<group>"; };
		7178E8A721010D2300431364 /* PCReviewViewController.m */ = {isa = PBXFileReference; lastKnownFileType = sourcecode.c.objc; path = PCReviewViewController.m; sourceTree = "<group>"; };
		7178E8A921010D4D00431364 /* ReviewCell.h */ = {isa = PBXFileReference; lastKnownFileType = sourcecode.c.h; path = ReviewCell.h; sourceTree = "<group>"; };
		7178E8AA21010D4D00431364 /* ReviewCell.m */ = {isa = PBXFileReference; lastKnownFileType = sourcecode.c.objc; path = ReviewCell.m; sourceTree = "<group>"; };
		718341142108EFA8003D9BDE /* ActorCreditsCollectionViewCell.h */ = {isa = PBXFileReference; lastKnownFileType = sourcecode.c.h; path = ActorCreditsCollectionViewCell.h; sourceTree = "<group>"; };
		718341152108EFA8003D9BDE /* ActorCreditsCollectionViewCell.m */ = {isa = PBXFileReference; lastKnownFileType = sourcecode.c.objc; path = ActorCreditsCollectionViewCell.m; sourceTree = "<group>"; };
		7188D3352107E4690057E9AE /* PCActorBioViewController.h */ = {isa = PBXFileReference; lastKnownFileType = sourcecode.c.h; path = PCActorBioViewController.h; sourceTree = "<group>"; };
		7188D3362107E4690057E9AE /* PCActorBioViewController.m */ = {isa = PBXFileReference; lastKnownFileType = sourcecode.c.objc; path = PCActorBioViewController.m; sourceTree = "<group>"; };
		7196BE5C21191D7900C7A7A1 /* ShadowButton.h */ = {isa = PBXFileReference; lastKnownFileType = sourcecode.c.h; path = ShadowButton.h; sourceTree = "<group>"; };
		7196BE5D21191D7900C7A7A1 /* ShadowButton.m */ = {isa = PBXFileReference; lastKnownFileType = sourcecode.c.objc; path = ShadowButton.m; sourceTree = "<group>"; };
		71A09CFD20FD11290047CB12 /* PCMovieDetailViewController.h */ = {isa = PBXFileReference; lastKnownFileType = sourcecode.c.h; path = PCMovieDetailViewController.h; sourceTree = "<group>"; };
		71A09CFE20FD11290047CB12 /* PCMovieDetailViewController.m */ = {isa = PBXFileReference; lastKnownFileType = sourcecode.c.objc; path = PCMovieDetailViewController.m; sourceTree = "<group>"; };
		71F631C82102AD11001BAA77 /* PCActorDetailViewController.h */ = {isa = PBXFileReference; lastKnownFileType = sourcecode.c.h; path = PCActorDetailViewController.h; sourceTree = "<group>"; };
		71F631C92102AD11001BAA77 /* PCActorDetailViewController.m */ = {isa = PBXFileReference; lastKnownFileType = sourcecode.c.objc; path = PCActorDetailViewController.m; sourceTree = "<group>"; };
		7EAFEEDDED5793EBE028DAAD /* Pods-Popcorn.release.xcconfig */ = {isa = PBXFileReference; includeInIndex = 1; lastKnownFileType = text.xcconfig; name = "Pods-Popcorn.release.xcconfig"; path = "Pods/Target Support Files/Pods-Popcorn/Pods-Popcorn.release.xcconfig"; sourceTree = "<group>"; };
		87164CDED101374CD543D693 /* libPods-Popcorn.a */ = {isa = PBXFileReference; explicitFileType = archive.ar; includeInIndex = 0; path = "libPods-Popcorn.a"; sourceTree = BUILT_PRODUCTS_DIR; };
		951A790C20FD0A89003D3901 /* Popcorn.app */ = {isa = PBXFileReference; explicitFileType = wrapper.application; includeInIndex = 0; path = Popcorn.app; sourceTree = BUILT_PRODUCTS_DIR; };
		951A790F20FD0A89003D3901 /* AppDelegate.h */ = {isa = PBXFileReference; lastKnownFileType = sourcecode.c.h; path = AppDelegate.h; sourceTree = "<group>"; };
		951A791020FD0A89003D3901 /* AppDelegate.m */ = {isa = PBXFileReference; lastKnownFileType = sourcecode.c.objc; path = AppDelegate.m; sourceTree = "<group>"; };
		951A791620FD0A89003D3901 /* Base */ = {isa = PBXFileReference; lastKnownFileType = file.storyboard; name = Base; path = Base.lproj/Main.storyboard; sourceTree = "<group>"; };
		951A791820FD0A8B003D3901 /* Assets.xcassets */ = {isa = PBXFileReference; lastKnownFileType = folder.assetcatalog; path = Assets.xcassets; sourceTree = "<group>"; };
		951A791B20FD0A8B003D3901 /* Base */ = {isa = PBXFileReference; lastKnownFileType = file.storyboard; name = Base; path = Base.lproj/LaunchScreen.storyboard; sourceTree = "<group>"; };
		951A791D20FD0A8B003D3901 /* Info.plist */ = {isa = PBXFileReference; lastKnownFileType = text.plist.xml; path = Info.plist; sourceTree = "<group>"; };
		951A791E20FD0A8B003D3901 /* main.m */ = {isa = PBXFileReference; lastKnownFileType = sourcecode.c.objc; path = main.m; sourceTree = "<group>"; };
		951A792420FD0A8B003D3901 /* PopcornTests.xctest */ = {isa = PBXFileReference; explicitFileType = wrapper.cfbundle; includeInIndex = 0; path = PopcornTests.xctest; sourceTree = BUILT_PRODUCTS_DIR; };
		951A792820FD0A8B003D3901 /* PopcornTests.m */ = {isa = PBXFileReference; lastKnownFileType = sourcecode.c.objc; path = PopcornTests.m; sourceTree = "<group>"; };
		951A792A20FD0A8B003D3901 /* Info.plist */ = {isa = PBXFileReference; lastKnownFileType = text.plist.xml; path = Info.plist; sourceTree = "<group>"; };
		951A792F20FD0A8B003D3901 /* PopcornUITests.xctest */ = {isa = PBXFileReference; explicitFileType = wrapper.cfbundle; includeInIndex = 0; path = PopcornUITests.xctest; sourceTree = BUILT_PRODUCTS_DIR; };
		951A793320FD0A8B003D3901 /* PopcornUITests.m */ = {isa = PBXFileReference; lastKnownFileType = sourcecode.c.objc; path = PopcornUITests.m; sourceTree = "<group>"; };
		951A793520FD0A8B003D3901 /* Info.plist */ = {isa = PBXFileReference; lastKnownFileType = text.plist.xml; path = Info.plist; sourceTree = "<group>"; };
		951A794420FD0CB5003D3901 /* Library.storyboard */ = {isa = PBXFileReference; lastKnownFileType = file.storyboard; path = Library.storyboard; sourceTree = "<group>"; };
		951A794620FD0CC1003D3901 /* Search.storyboard */ = {isa = PBXFileReference; lastKnownFileType = file.storyboard; path = Search.storyboard; sourceTree = "<group>"; };
		951A794820FD0CCC003D3901 /* Detail.storyboard */ = {isa = PBXFileReference; lastKnownFileType = file.storyboard; path = Detail.storyboard; sourceTree = "<group>"; };
		951A794A20FD0E42003D3901 /* PCLibraryViewController.h */ = {isa = PBXFileReference; lastKnownFileType = sourcecode.c.h; path = PCLibraryViewController.h; sourceTree = "<group>"; };
		951A794B20FD0E42003D3901 /* PCLibraryViewController.m */ = {isa = PBXFileReference; lastKnownFileType = sourcecode.c.objc; path = PCLibraryViewController.m; sourceTree = "<group>"; };
		951A794D20FD0E77003D3901 /* PCShelfViewController.h */ = {isa = PBXFileReference; lastKnownFileType = sourcecode.c.h; path = PCShelfViewController.h; sourceTree = "<group>"; };
		951A794E20FD0E77003D3901 /* PCShelfViewController.m */ = {isa = PBXFileReference; lastKnownFileType = sourcecode.c.objc; path = PCShelfViewController.m; sourceTree = "<group>"; };
		951A795120FD0F2F003D3901 /* APIManager.h */ = {isa = PBXFileReference; lastKnownFileType = sourcecode.c.h; path = APIManager.h; sourceTree = "<group>"; };
		951A795220FD0F2F003D3901 /* APIManager.m */ = {isa = PBXFileReference; lastKnownFileType = sourcecode.c.objc; path = APIManager.m; sourceTree = "<group>"; };
		951A795420FD11A1003D3901 /* LibraryCell.h */ = {isa = PBXFileReference; lastKnownFileType = sourcecode.c.h; path = LibraryCell.h; sourceTree = "<group>"; };
		951A795520FD11A1003D3901 /* LibraryCell.m */ = {isa = PBXFileReference; lastKnownFileType = sourcecode.c.objc; path = LibraryCell.m; sourceTree = "<group>"; };
		953A1AA92107F018008215B0 /* UserSearch.storyboard */ = {isa = PBXFileReference; lastKnownFileType = file.storyboard; path = UserSearch.storyboard; sourceTree = "<group>"; };
		953A1AAB2107F097008215B0 /* PCUserSearchViewController.h */ = {isa = PBXFileReference; lastKnownFileType = sourcecode.c.h; path = PCUserSearchViewController.h; sourceTree = "<group>"; };
		953A1AAC2107F097008215B0 /* PCUserSearchViewController.m */ = {isa = PBXFileReference; lastKnownFileType = sourcecode.c.objc; path = PCUserSearchViewController.m; sourceTree = "<group>"; };
		953A1AAE2107F214008215B0 /* UserSearchCell.h */ = {isa = PBXFileReference; lastKnownFileType = sourcecode.c.h; path = UserSearchCell.h; sourceTree = "<group>"; };
		953A1AAF2107F214008215B0 /* UserSearchCell.m */ = {isa = PBXFileReference; lastKnownFileType = sourcecode.c.objc; path = UserSearchCell.m; sourceTree = "<group>"; };
		953A1AB1210927A2008215B0 /* Review.storyboard */ = {isa = PBXFileReference; lastKnownFileType = file.storyboard; path = Review.storyboard; sourceTree = "<group>"; };
		953A1AB721092A74008215B0 /* PCWriteReviewViewController.h */ = {isa = PBXFileReference; lastKnownFileType = sourcecode.c.h; path = PCWriteReviewViewController.h; sourceTree = "<group>"; };
		953A1AB821092A74008215B0 /* PCWriteReviewViewController.m */ = {isa = PBXFileReference; lastKnownFileType = sourcecode.c.objc; path = PCWriteReviewViewController.m; sourceTree = "<group>"; };
		953A1ABD210B8973008215B0 /* ProfileInfoCell.h */ = {isa = PBXFileReference; lastKnownFileType = sourcecode.c.h; path = ProfileInfoCell.h; sourceTree = "<group>"; };
		953A1ABE210B8973008215B0 /* ProfileInfoCell.m */ = {isa = PBXFileReference; lastKnownFileType = sourcecode.c.objc; path = ProfileInfoCell.m; sourceTree = "<group>"; };
		953A1AC0210B89D4008215B0 /* PCUserProfileViewController.h */ = {isa = PBXFileReference; lastKnownFileType = sourcecode.c.h; path = PCUserProfileViewController.h; sourceTree = "<group>"; };
		953A1AC1210B89D4008215B0 /* PCUserProfileViewController.m */ = {isa = PBXFileReference; lastKnownFileType = sourcecode.c.objc; path = PCUserProfileViewController.m; sourceTree = "<group>"; };
		953A1AC3210BD061008215B0 /* Feed.storyboard */ = {isa = PBXFileReference; lastKnownFileType = file.storyboard; path = Feed.storyboard; sourceTree = "<group>"; };
		953A1AC6210BD0F4008215B0 /* PCFeedViewController.h */ = {isa = PBXFileReference; lastKnownFileType = sourcecode.c.h; path = PCFeedViewController.h; sourceTree = "<group>"; };
		953A1AC7210BD0F4008215B0 /* PCFeedViewController.m */ = {isa = PBXFileReference; lastKnownFileType = sourcecode.c.objc; path = PCFeedViewController.m; sourceTree = "<group>"; };
		953A1AC9210BD1E3008215B0 /* FeedReviewCell.h */ = {isa = PBXFileReference; lastKnownFileType = sourcecode.c.h; path = FeedReviewCell.h; sourceTree = "<group>"; };
		953A1ACA210BD1E3008215B0 /* FeedReviewCell.m */ = {isa = PBXFileReference; lastKnownFileType = sourcecode.c.objc; path = FeedReviewCell.m; sourceTree = "<group>"; };
		953A1ACC210F839A008215B0 /* Post.h */ = {isa = PBXFileReference; lastKnownFileType = sourcecode.c.h; path = Post.h; sourceTree = "<group>"; };
		953A1ACD210F839A008215B0 /* Post.m */ = {isa = PBXFileReference; lastKnownFileType = sourcecode.c.objc; path = Post.m; sourceTree = "<group>"; };
		953A1AD2210FD0E8008215B0 /* ShelfUpdateCell.h */ = {isa = PBXFileReference; lastKnownFileType = sourcecode.c.h; path = ShelfUpdateCell.h; sourceTree = "<group>"; };
		953A1AD3210FD0E8008215B0 /* ShelfUpdateCell.m */ = {isa = PBXFileReference; lastKnownFileType = sourcecode.c.objc; path = ShelfUpdateCell.m; sourceTree = "<group>"; };
		953A1AD52110F24D008215B0 /* PCSingleReviewViewController.h */ = {isa = PBXFileReference; lastKnownFileType = sourcecode.c.h; path = PCSingleReviewViewController.h; sourceTree = "<group>"; };
		953A1AD62110F24D008215B0 /* PCSingleReviewViewController.m */ = {isa = PBXFileReference; lastKnownFileType = sourcecode.c.objc; path = PCSingleReviewViewController.m; sourceTree = "<group>"; };
		953A1AD821121923008215B0 /* Map.storyboard */ = {isa = PBXFileReference; lastKnownFileType = file.storyboard; path = Map.storyboard; sourceTree = "<group>"; };
		953A1ADB2112195E008215B0 /* PCMapViewController.h */ = {isa = PBXFileReference; lastKnownFileType = sourcecode.c.h; path = PCMapViewController.h; sourceTree = "<group>"; };
		953A1ADC2112195E008215B0 /* PCMapViewController.m */ = {isa = PBXFileReference; lastKnownFileType = sourcecode.c.objc; path = PCMapViewController.m; sourceTree = "<group>"; };
		953A1ADE21121E41008215B0 /* APIManagerMovieGlu.h */ = {isa = PBXFileReference; lastKnownFileType = sourcecode.c.h; path = APIManagerMovieGlu.h; sourceTree = "<group>"; };
		953A1ADF21121E41008215B0 /* APIManagerMovieGlu.m */ = {isa = PBXFileReference; lastKnownFileType = sourcecode.c.objc; path = APIManagerMovieGlu.m; sourceTree = "<group>"; };
		953A1AE121122034008215B0 /* MapKit.framework */ = {isa = PBXFileReference; lastKnownFileType = wrapper.framework; name = MapKit.framework; path = System/Library/Frameworks/MapKit.framework; sourceTree = SDKROOT; };
		953A1AE321139CEE008215B0 /* PCMapDetailViewController.h */ = {isa = PBXFileReference; lastKnownFileType = sourcecode.c.h; path = PCMapDetailViewController.h; sourceTree = "<group>"; };
		953A1AE421139CEE008215B0 /* PCMapDetailViewController.m */ = {isa = PBXFileReference; lastKnownFileType = sourcecode.c.objc; path = PCMapDetailViewController.m; sourceTree = "<group>"; };
		953A1AE621139E8A008215B0 /* TheatreAnnotation.h */ = {isa = PBXFileReference; lastKnownFileType = sourcecode.c.h; path = TheatreAnnotation.h; sourceTree = "<group>"; };
		953A1AE721139E8A008215B0 /* TheatreAnnotation.m */ = {isa = PBXFileReference; lastKnownFileType = sourcecode.c.objc; path = TheatreAnnotation.m; sourceTree = "<group>"; };
		953A1AE92114CCB5008215B0 /* TheatreMoviesCell.h */ = {isa = PBXFileReference; lastKnownFileType = sourcecode.c.h; path = TheatreMoviesCell.h; sourceTree = "<group>"; };
		953A1AEA2114CCB5008215B0 /* TheatreMoviesCell.m */ = {isa = PBXFileReference; lastKnownFileType = sourcecode.c.objc; path = TheatreMoviesCell.m; sourceTree = "<group>"; };
		959B2AF720FFEB1D005D418E /* PCTrailerViewController.h */ = {isa = PBXFileReference; lastKnownFileType = sourcecode.c.h; path = PCTrailerViewController.h; sourceTree = "<group>"; };
		959B2AF820FFEB1D005D418E /* PCTrailerViewController.m */ = {isa = PBXFileReference; lastKnownFileType = sourcecode.c.objc; path = PCTrailerViewController.m; sourceTree = "<group>"; };
		959B2AFA20FFF15A005D418E /* WebKit.framework */ = {isa = PBXFileReference; lastKnownFileType = wrapper.framework; name = WebKit.framework; path = System/Library/Frameworks/WebKit.framework; sourceTree = SDKROOT; };
		959B2AFC210003B0005D418E /* PCShelfPickerViewController.h */ = {isa = PBXFileReference; lastKnownFileType = sourcecode.c.h; path = PCShelfPickerViewController.h; sourceTree = "<group>"; };
		959B2AFD210003B0005D418E /* PCShelfPickerViewController.m */ = {isa = PBXFileReference; lastKnownFileType = sourcecode.c.objc; path = PCShelfPickerViewController.m; sourceTree = "<group>"; };
		959B2AFF2100F8B6005D418E /* ShelfPickerCell.h */ = {isa = PBXFileReference; lastKnownFileType = sourcecode.c.h; path = ShelfPickerCell.h; sourceTree = "<group>"; };
		959B2B002100F8B6005D418E /* ShelfPickerCell.m */ = {isa = PBXFileReference; lastKnownFileType = sourcecode.c.objc; path = ShelfPickerCell.m; sourceTree = "<group>"; };
		959B2B0221010610005D418E /* ShelfPicker.storyboard */ = {isa = PBXFileReference; lastKnownFileType = file.storyboard; path = ShelfPicker.storyboard; sourceTree = "<group>"; };
		959B2B0A2102476E005D418E /* Trailer.storyboard */ = {isa = PBXFileReference; lastKnownFileType = file.storyboard; path = Trailer.storyboard; sourceTree = "<group>"; };
		95A313E121028A70006F1828 /* PCWebLoginViewController.h */ = {isa = PBXFileReference; lastKnownFileType = sourcecode.c.h; path = PCWebLoginViewController.h; sourceTree = "<group>"; };
		95A313E221028A70006F1828 /* PCWebLoginViewController.m */ = {isa = PBXFileReference; lastKnownFileType = sourcecode.c.objc; path = PCWebLoginViewController.m; sourceTree = "<group>"; };
		95A313E4210290EB006F1828 /* PCLoginViewController.h */ = {isa = PBXFileReference; lastKnownFileType = sourcecode.c.h; path = PCLoginViewController.h; sourceTree = "<group>"; };
		95A313E5210290EB006F1828 /* PCLoginViewController.m */ = {isa = PBXFileReference; lastKnownFileType = sourcecode.c.objc; path = PCLoginViewController.m; sourceTree = "<group>"; };
		B1BA7D043754D36BBAF50845 /* libPods-PopcornTests.a */ = {isa = PBXFileReference; explicitFileType = archive.ar; includeInIndex = 0; path = "libPods-PopcornTests.a"; sourceTree = BUILT_PRODUCTS_DIR; };
		D1F26F587999050C3F8A05BB /* Pods-PopcornTests.debug.xcconfig */ = {isa = PBXFileReference; includeInIndex = 1; lastKnownFileType = text.xcconfig; name = "Pods-PopcornTests.debug.xcconfig"; path = "Pods/Target Support Files/Pods-PopcornTests/Pods-PopcornTests.debug.xcconfig"; sourceTree = "<group>"; };
		D58AF72C9334674A442A9E5D /* Pods-PopcornUITests.release.xcconfig */ = {isa = PBXFileReference; includeInIndex = 1; lastKnownFileType = text.xcconfig; name = "Pods-PopcornUITests.release.xcconfig"; path = "Pods/Target Support Files/Pods-PopcornUITests/Pods-PopcornUITests.release.xcconfig"; sourceTree = "<group>"; };
/* End PBXFileReference section */

/* Begin PBXFrameworksBuildPhase section */
		951A790920FD0A89003D3901 /* Frameworks */ = {
			isa = PBXFrameworksBuildPhase;
			buildActionMask = 2147483647;
			files = (
				953A1AE221122034008215B0 /* MapKit.framework in Frameworks */,
				26B6B67A2106511D001BE727 /* SafariServices.framework in Frameworks */,
				959B2AFB20FFF15A005D418E /* WebKit.framework in Frameworks */,
				72E3A4F7AC6317E958E370A2 /* libPods-Popcorn.a in Frameworks */,
			);
			runOnlyForDeploymentPostprocessing = 0;
		};
		951A792120FD0A8B003D3901 /* Frameworks */ = {
			isa = PBXFrameworksBuildPhase;
			buildActionMask = 2147483647;
			files = (
				C660BF8415E67FDA89301433 /* libPods-PopcornTests.a in Frameworks */,
			);
			runOnlyForDeploymentPostprocessing = 0;
		};
		951A792C20FD0A8B003D3901 /* Frameworks */ = {
			isa = PBXFrameworksBuildPhase;
			buildActionMask = 2147483647;
			files = (
				05FBF708ECB86BE06819588F /* libPods-PopcornUITests.a in Frameworks */,
			);
			runOnlyForDeploymentPostprocessing = 0;
		};
/* End PBXFrameworksBuildPhase section */

/* Begin PBXGroup section */
		2611EA9421091DA1006DC803 /* Main Storyboard VCs */ = {
			isa = PBXGroup;
			children = (
				95A313E4210290EB006F1828 /* PCLoginViewController.h */,
				95A313E5210290EB006F1828 /* PCLoginViewController.m */,
				95A313E121028A70006F1828 /* PCWebLoginViewController.h */,
				95A313E221028A70006F1828 /* PCWebLoginViewController.m */,
			);
			path = "Main Storyboard VCs";
			sourceTree = "<group>";
		};
		2611EA9521091DBC006DC803 /* User Search Storyboard VCs */ = {
			isa = PBXGroup;
			children = (
				953A1AAB2107F097008215B0 /* PCUserSearchViewController.h */,
				953A1AAC2107F097008215B0 /* PCUserSearchViewController.m */,
			);
			path = "User Search Storyboard VCs";
			sourceTree = "<group>";
		};
		2611EA9621091DCA006DC803 /* Profile Storyboard VCs */ = {
			isa = PBXGroup;
			children = (
				953A1AC0210B89D4008215B0 /* PCUserProfileViewController.h */,
				953A1AC1210B89D4008215B0 /* PCUserProfileViewController.m */,
			);
			path = "Profile Storyboard VCs";
			sourceTree = "<group>";
		};
		2611EA9721091DDA006DC803 /* Library Storyboard VCs */ = {
			isa = PBXGroup;
			children = (
				951A794A20FD0E42003D3901 /* PCLibraryViewController.h */,
				951A794B20FD0E42003D3901 /* PCLibraryViewController.m */,
				951A794D20FD0E77003D3901 /* PCShelfViewController.h */,
				951A794E20FD0E77003D3901 /* PCShelfViewController.m */,
			);
			path = "Library Storyboard VCs";
			sourceTree = "<group>";
		};
		2611EA9821091DEC006DC803 /* Trailer Storyboard VCs */ = {
			isa = PBXGroup;
			children = (
				959B2AF720FFEB1D005D418E /* PCTrailerViewController.h */,
				959B2AF820FFEB1D005D418E /* PCTrailerViewController.m */,
			);
			path = "Trailer Storyboard VCs";
			sourceTree = "<group>";
		};
		2611EA9921091DFD006DC803 /* Search Storyboard VCs */ = {
			isa = PBXGroup;
			children = (
				2684D0BA20FD10C800FBB985 /* PCSearchViewController.h */,
				2684D0BB20FD10C800FBB985 /* PCSearchViewController.m */,
			);
			path = "Search Storyboard VCs";
			sourceTree = "<group>";
		};
		2611EA9A21091E12006DC803 /* Detail Storyboard VCs */ = {
			isa = PBXGroup;
			children = (
				71A09CFD20FD11290047CB12 /* PCMovieDetailViewController.h */,
				71A09CFE20FD11290047CB12 /* PCMovieDetailViewController.m */,
				7178E8A621010D2300431364 /* PCReviewViewController.h */,
				7178E8A721010D2300431364 /* PCReviewViewController.m */,
				71F631C82102AD11001BAA77 /* PCActorDetailViewController.h */,
				71F631C92102AD11001BAA77 /* PCActorDetailViewController.m */,
				7188D3352107E4690057E9AE /* PCActorBioViewController.h */,
				7188D3362107E4690057E9AE /* PCActorBioViewController.m */,
			);
			name = "Detail Storyboard VCs";
			path = "../Detail Storyboard VCs";
			sourceTree = "<group>";
		};
		2611EA9B21091E36006DC803 /* ShelfPicker Storyboard VCs */ = {
			isa = PBXGroup;
			children = (
				959B2AFC210003B0005D418E /* PCShelfPickerViewController.h */,
				959B2AFD210003B0005D418E /* PCShelfPickerViewController.m */,
			);
			path = "ShelfPicker Storyboard VCs";
			sourceTree = "<group>";
		};
		26A048FE210A6C2A00DF8496 /* Models */ = {
			isa = PBXGroup;
			children = (
				261565192112353B00930B68 /* Chat.h */,
				2615651A2112353B00930B68 /* Chat.m */,
				26A048FF210A6C6000DF8496 /* Movie.h */,
				26A04900210A6C6000DF8496 /* Movie.m */,
				26A04902210A6DD100DF8496 /* PFUser+ExtendedUser.h */,
				26A04903210A6DD100DF8496 /* PFUser+ExtendedUser.m */,
				26A04908210A6F4C00DF8496 /* Relations.h */,
				26A04909210A6F4C00DF8496 /* Relations.m */,
				953A1ACC210F839A008215B0 /* Post.h */,
				953A1ACD210F839A008215B0 /* Post.m */,
				7196BE5C21191D7900C7A7A1 /* ShadowButton.h */,
				7196BE5D21191D7900C7A7A1 /* ShadowButton.m */,
			);
			path = Models;
			sourceTree = "<group>";
		};
		26DBAEB1211126980025438D /* Movie Discussion VCs */ = {
			isa = PBXGroup;
			children = (
				26DBAEAE211126910025438D /* PCMovieDiscussionViewController.h */,
				26DBAEAF211126910025438D /* PCMovieDiscussionViewController.m */,
			);
			path = "Movie Discussion VCs";
			sourceTree = "<group>";
		};
		66A24435E3DDD8F5F7479415 /* Pods */ = {
			isa = PBXGroup;
			children = (
				24D5563D194E4060F7DE0628 /* Pods-Popcorn.debug.xcconfig */,
				7EAFEEDDED5793EBE028DAAD /* Pods-Popcorn.release.xcconfig */,
				D1F26F587999050C3F8A05BB /* Pods-PopcornTests.debug.xcconfig */,
				381BA8A5DE7ACA1F63323BB0 /* Pods-PopcornTests.release.xcconfig */,
				0B6218C2BCC13B7F500C09ED /* Pods-PopcornUITests.debug.xcconfig */,
				D58AF72C9334674A442A9E5D /* Pods-PopcornUITests.release.xcconfig */,
			);
			name = Pods;
			sourceTree = "<group>";
		};
		951A790320FD0A89003D3901 = {
			isa = PBXGroup;
			children = (
				951A790E20FD0A89003D3901 /* Popcorn */,
				951A792720FD0A8B003D3901 /* PopcornTests */,
				951A793220FD0A8B003D3901 /* PopcornUITests */,
				951A790D20FD0A89003D3901 /* Products */,
				66A24435E3DDD8F5F7479415 /* Pods */,
				FC080368C3B1E330142ABD06 /* Frameworks */,
			);
			sourceTree = "<group>";
		};
		951A790D20FD0A89003D3901 /* Products */ = {
			isa = PBXGroup;
			children = (
				951A790C20FD0A89003D3901 /* Popcorn.app */,
				951A792420FD0A8B003D3901 /* PopcornTests.xctest */,
				951A792F20FD0A8B003D3901 /* PopcornUITests.xctest */,
			);
			name = Products;
			sourceTree = "<group>";
		};
		951A790E20FD0A89003D3901 /* Popcorn */ = {
			isa = PBXGroup;
			children = (
				951A795020FD0E89003D3901 /* API */,
				26A048FE210A6C2A00DF8496 /* Models */,
				951A794220FD0B9A003D3901 /* Views */,
				951A794120FD0B93003D3901 /* View Controllers */,
				951A790F20FD0A89003D3901 /* AppDelegate.h */,
				951A791020FD0A89003D3901 /* AppDelegate.m */,
				951A791520FD0A89003D3901 /* Main.storyboard */,
				953A1AD821121923008215B0 /* Map.storyboard */,
				953A1AC3210BD061008215B0 /* Feed.storyboard */,
				953A1AB1210927A2008215B0 /* Review.storyboard */,
				953A1AA92107F018008215B0 /* UserSearch.storyboard */,
				26B6B67B21068255001BE727 /* Profile.storyboard */,
				951A794420FD0CB5003D3901 /* Library.storyboard */,
				959B2B0A2102476E005D418E /* Trailer.storyboard */,
				951A794620FD0CC1003D3901 /* Search.storyboard */,
				951A794820FD0CCC003D3901 /* Detail.storyboard */,
				959B2B0221010610005D418E /* ShelfPicker.storyboard */,
				26DBAEB2211126E00025438D /* MovieDiscussion.storyboard */,
				951A791820FD0A8B003D3901 /* Assets.xcassets */,
				951A791A20FD0A8B003D3901 /* LaunchScreen.storyboard */,
				951A791D20FD0A8B003D3901 /* Info.plist */,
				951A791E20FD0A8B003D3901 /* main.m */,
			);
			path = Popcorn;
			sourceTree = "<group>";
		};
		951A792720FD0A8B003D3901 /* PopcornTests */ = {
			isa = PBXGroup;
			children = (
				951A792820FD0A8B003D3901 /* PopcornTests.m */,
				951A792A20FD0A8B003D3901 /* Info.plist */,
			);
			path = PopcornTests;
			sourceTree = "<group>";
		};
		951A793220FD0A8B003D3901 /* PopcornUITests */ = {
			isa = PBXGroup;
			children = (
				951A793320FD0A8B003D3901 /* PopcornUITests.m */,
				951A793520FD0A8B003D3901 /* Info.plist */,
			);
			path = PopcornUITests;
			sourceTree = "<group>";
		};
		951A794120FD0B93003D3901 /* View Controllers */ = {
			isa = PBXGroup;
			children = (
				953A1ADA21121945008215B0 /* Map Storyboard VCs */,
				26DBAEB1211126980025438D /* Movie Discussion VCs */,
				953A1AC5210BD0DD008215B0 /* Feed Storyboard VCs */,
				953A1AB3210927C9008215B0 /* Review Storyboard VCs */,
				2611EA9B21091E36006DC803 /* ShelfPicker Storyboard VCs */,
				2611EA9A21091E12006DC803 /* Detail Storyboard VCs */,
				2611EA9921091DFD006DC803 /* Search Storyboard VCs */,
				2611EA9821091DEC006DC803 /* Trailer Storyboard VCs */,
				2611EA9721091DDA006DC803 /* Library Storyboard VCs */,
				2611EA9621091DCA006DC803 /* Profile Storyboard VCs */,
				2611EA9521091DBC006DC803 /* User Search Storyboard VCs */,
				2611EA9421091DA1006DC803 /* Main Storyboard VCs */,
			);
			path = "View Controllers";
			sourceTree = "<group>";
		};
		951A794220FD0B9A003D3901 /* Views */ = {
			isa = PBXGroup;
			children = (
				26AF5794211A56B10046A658 /* myChatCell.h */,
				26AF5795211A56B10046A658 /* myChatCell.m */,
				2684D0BD20FD159000FBB985 /* SearchCell.h */,
				2684D0BE20FD159000FBB985 /* SearchCell.m */,
				71658FBB20FD37C1002190B3 /* CastCollectionViewCell.h */,
				71658FBC20FD37C1002190B3 /* CastCollectionViewCell.m */,
				951A795420FD11A1003D3901 /* LibraryCell.h */,
				951A795520FD11A1003D3901 /* LibraryCell.m */,
				959B2AFF2100F8B6005D418E /* ShelfPickerCell.h */,
				959B2B002100F8B6005D418E /* ShelfPickerCell.m */,
				7178E8A921010D4D00431364 /* ReviewCell.h */,
				7178E8AA21010D4D00431364 /* ReviewCell.m */,
				953A1AAE2107F214008215B0 /* UserSearchCell.h */,
				953A1AAF2107F214008215B0 /* UserSearchCell.m */,
				718341142108EFA8003D9BDE /* ActorCreditsCollectionViewCell.h */,
				718341152108EFA8003D9BDE /* ActorCreditsCollectionViewCell.m */,
				953A1ABD210B8973008215B0 /* ProfileInfoCell.h */,
				953A1ABE210B8973008215B0 /* ProfileInfoCell.m */,
				953A1AC9210BD1E3008215B0 /* FeedReviewCell.h */,
				953A1ACA210BD1E3008215B0 /* FeedReviewCell.m */,
				953A1AD2210FD0E8008215B0 /* ShelfUpdateCell.h */,
				953A1AD3210FD0E8008215B0 /* ShelfUpdateCell.m */,
				26DBAEB7211136650025438D /* ChatCell.h */,
				26DBAEB8211136650025438D /* ChatCell.m */,
				953A1AE621139E8A008215B0 /* TheatreAnnotation.h */,
				953A1AE721139E8A008215B0 /* TheatreAnnotation.m */,
				953A1AE92114CCB5008215B0 /* TheatreMoviesCell.h */,
				953A1AEA2114CCB5008215B0 /* TheatreMoviesCell.m */,
			);
			path = Views;
			sourceTree = "<group>";
		};
		951A795020FD0E89003D3901 /* API */ = {
			isa = PBXGroup;
			children = (
				951A795120FD0F2F003D3901 /* APIManager.h */,
				951A795220FD0F2F003D3901 /* APIManager.m */,
				953A1ADE21121E41008215B0 /* APIManagerMovieGlu.h */,
				953A1ADF21121E41008215B0 /* APIManagerMovieGlu.m */,
			);
			path = API;
			sourceTree = "<group>";
		};
		953A1AB3210927C9008215B0 /* Review Storyboard VCs */ = {
			isa = PBXGroup;
			children = (
				953A1AB721092A74008215B0 /* PCWriteReviewViewController.h */,
				953A1AB821092A74008215B0 /* PCWriteReviewViewController.m */,
			);
			path = "Review Storyboard VCs";
			sourceTree = "<group>";
		};
		953A1AC5210BD0DD008215B0 /* Feed Storyboard VCs */ = {
			isa = PBXGroup;
			children = (
				953A1AC6210BD0F4008215B0 /* PCFeedViewController.h */,
				953A1AC7210BD0F4008215B0 /* PCFeedViewController.m */,
				953A1AD52110F24D008215B0 /* PCSingleReviewViewController.h */,
				953A1AD62110F24D008215B0 /* PCSingleReviewViewController.m */,
			);
			path = "Feed Storyboard VCs";
			sourceTree = "<group>";
		};
		953A1ADA21121945008215B0 /* Map Storyboard VCs */ = {
			isa = PBXGroup;
			children = (
				953A1ADB2112195E008215B0 /* PCMapViewController.h */,
				953A1ADC2112195E008215B0 /* PCMapViewController.m */,
				953A1AE321139CEE008215B0 /* PCMapDetailViewController.h */,
				953A1AE421139CEE008215B0 /* PCMapDetailViewController.m */,
			);
			path = "Map Storyboard VCs";
			sourceTree = "<group>";
		};
		FC080368C3B1E330142ABD06 /* Frameworks */ = {
			isa = PBXGroup;
			children = (
				953A1AE121122034008215B0 /* MapKit.framework */,
				26B6B6792106511D001BE727 /* SafariServices.framework */,
				959B2AFA20FFF15A005D418E /* WebKit.framework */,
				87164CDED101374CD543D693 /* libPods-Popcorn.a */,
				B1BA7D043754D36BBAF50845 /* libPods-PopcornTests.a */,
				2A3F08E237C6D1752F5AC662 /* libPods-PopcornUITests.a */,
			);
			name = Frameworks;
			sourceTree = "<group>";
		};
/* End PBXGroup section */

/* Begin PBXNativeTarget section */
		951A790B20FD0A89003D3901 /* Popcorn */ = {
			isa = PBXNativeTarget;
			buildConfigurationList = 951A793820FD0A8B003D3901 /* Build configuration list for PBXNativeTarget "Popcorn" */;
			buildPhases = (
				F1D267665801097EE7CF2717 /* [CP] Check Pods Manifest.lock */,
				951A790820FD0A89003D3901 /* Sources */,
				951A790920FD0A89003D3901 /* Frameworks */,
				951A790A20FD0A89003D3901 /* Resources */,
				54A2BA13C71AD0BBF706479F /* [CP] Copy Pods Resources */,
			);
			buildRules = (
			);
			dependencies = (
			);
			name = Popcorn;
			productName = Popcorn;
			productReference = 951A790C20FD0A89003D3901 /* Popcorn.app */;
			productType = "com.apple.product-type.application";
		};
		951A792320FD0A8B003D3901 /* PopcornTests */ = {
			isa = PBXNativeTarget;
			buildConfigurationList = 951A793B20FD0A8B003D3901 /* Build configuration list for PBXNativeTarget "PopcornTests" */;
			buildPhases = (
				6A8448640E5B51F973C59826 /* [CP] Check Pods Manifest.lock */,
				951A792020FD0A8B003D3901 /* Sources */,
				951A792120FD0A8B003D3901 /* Frameworks */,
				951A792220FD0A8B003D3901 /* Resources */,
			);
			buildRules = (
			);
			dependencies = (
				951A792620FD0A8B003D3901 /* PBXTargetDependency */,
			);
			name = PopcornTests;
			productName = PopcornTests;
			productReference = 951A792420FD0A8B003D3901 /* PopcornTests.xctest */;
			productType = "com.apple.product-type.bundle.unit-test";
		};
		951A792E20FD0A8B003D3901 /* PopcornUITests */ = {
			isa = PBXNativeTarget;
			buildConfigurationList = 951A793E20FD0A8B003D3901 /* Build configuration list for PBXNativeTarget "PopcornUITests" */;
			buildPhases = (
				5482C59952A146E633D185BC /* [CP] Check Pods Manifest.lock */,
				951A792B20FD0A8B003D3901 /* Sources */,
				951A792C20FD0A8B003D3901 /* Frameworks */,
				951A792D20FD0A8B003D3901 /* Resources */,
			);
			buildRules = (
			);
			dependencies = (
				951A793120FD0A8B003D3901 /* PBXTargetDependency */,
			);
			name = PopcornUITests;
			productName = PopcornUITests;
			productReference = 951A792F20FD0A8B003D3901 /* PopcornUITests.xctest */;
			productType = "com.apple.product-type.bundle.ui-testing";
		};
/* End PBXNativeTarget section */

/* Begin PBXProject section */
		951A790420FD0A89003D3901 /* Project object */ = {
			isa = PBXProject;
			attributes = {
				LastUpgradeCheck = 0940;
				ORGANIZATIONNAME = "Rucha Patki";
				TargetAttributes = {
					951A790B20FD0A89003D3901 = {
						CreatedOnToolsVersion = 9.4.1;
					};
					951A792320FD0A8B003D3901 = {
						CreatedOnToolsVersion = 9.4.1;
						TestTargetID = 951A790B20FD0A89003D3901;
					};
					951A792E20FD0A8B003D3901 = {
						CreatedOnToolsVersion = 9.4.1;
						TestTargetID = 951A790B20FD0A89003D3901;
					};
				};
			};
			buildConfigurationList = 951A790720FD0A89003D3901 /* Build configuration list for PBXProject "Popcorn" */;
			compatibilityVersion = "Xcode 9.3";
			developmentRegion = en;
			hasScannedForEncodings = 0;
			knownRegions = (
				en,
				Base,
			);
			mainGroup = 951A790320FD0A89003D3901;
			productRefGroup = 951A790D20FD0A89003D3901 /* Products */;
			projectDirPath = "";
			projectRoot = "";
			targets = (
				951A790B20FD0A89003D3901 /* Popcorn */,
				951A792320FD0A8B003D3901 /* PopcornTests */,
				951A792E20FD0A8B003D3901 /* PopcornUITests */,
			);
		};
/* End PBXProject section */

/* Begin PBXResourcesBuildPhase section */
		951A790A20FD0A89003D3901 /* Resources */ = {
			isa = PBXResourcesBuildPhase;
			buildActionMask = 2147483647;
			files = (
				951A791C20FD0A8B003D3901 /* LaunchScreen.storyboard in Resources */,
				951A791920FD0A8B003D3901 /* Assets.xcassets in Resources */,
				953A1AC4210BD061008215B0 /* Feed.storyboard in Resources */,
				951A794520FD0CB5003D3901 /* Library.storyboard in Resources */,
				953A1AAA2107F018008215B0 /* UserSearch.storyboard in Resources */,
				959B2B0321010610005D418E /* ShelfPicker.storyboard in Resources */,
				959B2B0B2102476E005D418E /* Trailer.storyboard in Resources */,
				951A791720FD0A89003D3901 /* Main.storyboard in Resources */,
				26B6B67C21068255001BE727 /* Profile.storyboard in Resources */,
				951A794720FD0CC1003D3901 /* Search.storyboard in Resources */,
				953A1AB2210927A2008215B0 /* Review.storyboard in Resources */,
				951A794920FD0CCC003D3901 /* Detail.storyboard in Resources */,
				953A1AD921121923008215B0 /* Map.storyboard in Resources */,
				26DBAEB3211126E00025438D /* MovieDiscussion.storyboard in Resources */,
			);
			runOnlyForDeploymentPostprocessing = 0;
		};
		951A792220FD0A8B003D3901 /* Resources */ = {
			isa = PBXResourcesBuildPhase;
			buildActionMask = 2147483647;
			files = (
			);
			runOnlyForDeploymentPostprocessing = 0;
		};
		951A792D20FD0A8B003D3901 /* Resources */ = {
			isa = PBXResourcesBuildPhase;
			buildActionMask = 2147483647;
			files = (
			);
			runOnlyForDeploymentPostprocessing = 0;
		};
/* End PBXResourcesBuildPhase section */

/* Begin PBXShellScriptBuildPhase section */
		5482C59952A146E633D185BC /* [CP] Check Pods Manifest.lock */ = {
			isa = PBXShellScriptBuildPhase;
			buildActionMask = 2147483647;
			files = (
			);
			inputPaths = (
				"${PODS_PODFILE_DIR_PATH}/Podfile.lock",
				"${PODS_ROOT}/Manifest.lock",
			);
			name = "[CP] Check Pods Manifest.lock";
			outputPaths = (
				"$(DERIVED_FILE_DIR)/Pods-PopcornUITests-checkManifestLockResult.txt",
			);
			runOnlyForDeploymentPostprocessing = 0;
			shellPath = /bin/sh;
			shellScript = "diff \"${PODS_PODFILE_DIR_PATH}/Podfile.lock\" \"${PODS_ROOT}/Manifest.lock\" > /dev/null\nif [ $? != 0 ] ; then\n    # print error to STDERR\n    echo \"error: The sandbox is not in sync with the Podfile.lock. Run 'pod install' or update your CocoaPods installation.\" >&2\n    exit 1\nfi\n# This output is used by Xcode 'outputs' to avoid re-running this script phase.\necho \"SUCCESS\" > \"${SCRIPT_OUTPUT_FILE_0}\"\n";
			showEnvVarsInLog = 0;
		};
		54A2BA13C71AD0BBF706479F /* [CP] Copy Pods Resources */ = {
			isa = PBXShellScriptBuildPhase;
			buildActionMask = 2147483647;
			files = (
			);
			inputPaths = (
				"${SRCROOT}/Pods/Target Support Files/Pods-Popcorn/Pods-Popcorn-resources.sh",
				"${PODS_ROOT}/DateTools/DateTools/DateTools/DateTools.bundle",
				"${PODS_CONFIGURATION_BUILD_DIR}/JGProgressHUD/JGProgressHUD.bundle",
				"${PODS_CONFIGURATION_BUILD_DIR}/Parse/Parse.bundle",
				"${PODS_ROOT}/ParseUI/ParseUI/Resources/Localization/en.lproj",
				"${PODS_ROOT}/ParseUI/ParseUI/Resources/Localization/fr.lproj",
				"${PODS_ROOT}/ParseUI/ParseUI/Resources/Localization/pt-BR.lproj",
			);
			name = "[CP] Copy Pods Resources";
			outputPaths = (
				"${TARGET_BUILD_DIR}/${UNLOCALIZED_RESOURCES_FOLDER_PATH}/DateTools.bundle",
				"${TARGET_BUILD_DIR}/${UNLOCALIZED_RESOURCES_FOLDER_PATH}/JGProgressHUD.bundle",
				"${TARGET_BUILD_DIR}/${UNLOCALIZED_RESOURCES_FOLDER_PATH}/Parse.bundle",
				"${TARGET_BUILD_DIR}/${UNLOCALIZED_RESOURCES_FOLDER_PATH}/en.lproj",
				"${TARGET_BUILD_DIR}/${UNLOCALIZED_RESOURCES_FOLDER_PATH}/fr.lproj",
				"${TARGET_BUILD_DIR}/${UNLOCALIZED_RESOURCES_FOLDER_PATH}/pt-BR.lproj",
			);
			runOnlyForDeploymentPostprocessing = 0;
			shellPath = /bin/sh;
			shellScript = "\"${SRCROOT}/Pods/Target Support Files/Pods-Popcorn/Pods-Popcorn-resources.sh\"\n";
			showEnvVarsInLog = 0;
		};
		6A8448640E5B51F973C59826 /* [CP] Check Pods Manifest.lock */ = {
			isa = PBXShellScriptBuildPhase;
			buildActionMask = 2147483647;
			files = (
			);
			inputPaths = (
				"${PODS_PODFILE_DIR_PATH}/Podfile.lock",
				"${PODS_ROOT}/Manifest.lock",
			);
			name = "[CP] Check Pods Manifest.lock";
			outputPaths = (
				"$(DERIVED_FILE_DIR)/Pods-PopcornTests-checkManifestLockResult.txt",
			);
			runOnlyForDeploymentPostprocessing = 0;
			shellPath = /bin/sh;
			shellScript = "diff \"${PODS_PODFILE_DIR_PATH}/Podfile.lock\" \"${PODS_ROOT}/Manifest.lock\" > /dev/null\nif [ $? != 0 ] ; then\n    # print error to STDERR\n    echo \"error: The sandbox is not in sync with the Podfile.lock. Run 'pod install' or update your CocoaPods installation.\" >&2\n    exit 1\nfi\n# This output is used by Xcode 'outputs' to avoid re-running this script phase.\necho \"SUCCESS\" > \"${SCRIPT_OUTPUT_FILE_0}\"\n";
			showEnvVarsInLog = 0;
		};
		F1D267665801097EE7CF2717 /* [CP] Check Pods Manifest.lock */ = {
			isa = PBXShellScriptBuildPhase;
			buildActionMask = 2147483647;
			files = (
			);
			inputPaths = (
				"${PODS_PODFILE_DIR_PATH}/Podfile.lock",
				"${PODS_ROOT}/Manifest.lock",
			);
			name = "[CP] Check Pods Manifest.lock";
			outputPaths = (
				"$(DERIVED_FILE_DIR)/Pods-Popcorn-checkManifestLockResult.txt",
			);
			runOnlyForDeploymentPostprocessing = 0;
			shellPath = /bin/sh;
			shellScript = "diff \"${PODS_PODFILE_DIR_PATH}/Podfile.lock\" \"${PODS_ROOT}/Manifest.lock\" > /dev/null\nif [ $? != 0 ] ; then\n    # print error to STDERR\n    echo \"error: The sandbox is not in sync with the Podfile.lock. Run 'pod install' or update your CocoaPods installation.\" >&2\n    exit 1\nfi\n# This output is used by Xcode 'outputs' to avoid re-running this script phase.\necho \"SUCCESS\" > \"${SCRIPT_OUTPUT_FILE_0}\"\n";
			showEnvVarsInLog = 0;
		};
/* End PBXShellScriptBuildPhase section */

/* Begin PBXSourcesBuildPhase section */
		951A790820FD0A89003D3901 /* Sources */ = {
			isa = PBXSourcesBuildPhase;
			buildActionMask = 2147483647;
			files = (
				953A1ABF210B8973008215B0 /* ProfileInfoCell.m in Sources */,
				953A1AC8210BD0F4008215B0 /* PCFeedViewController.m in Sources */,
				953A1AB02107F214008215B0 /* UserSearchCell.m in Sources */,
				2684D0BC20FD10C800FBB985 /* PCSearchViewController.m in Sources */,
				2684D0BF20FD159000FBB985 /* SearchCell.m in Sources */,
				953A1AB921092A74008215B0 /* PCWriteReviewViewController.m in Sources */,
				26A04904210A6DD100DF8496 /* PFUser+ExtendedUser.m in Sources */,
				953A1ACE210F839A008215B0 /* Post.m in Sources */,
				953A1ADD2112195E008215B0 /* PCMapViewController.m in Sources */,
				953A1AE521139CEE008215B0 /* PCMapDetailViewController.m in Sources */,
				26DBAEB9211136650025438D /* ChatCell.m in Sources */,
				951A795620FD11A1003D3901 /* LibraryCell.m in Sources */,
				95A313E321028A70006F1828 /* PCWebLoginViewController.m in Sources */,
				718341162108EFA8003D9BDE /* ActorCreditsCollectionViewCell.m in Sources */,
				95A313E6210290EB006F1828 /* PCLoginViewController.m in Sources */,
				7196BE5E21191D7900C7A7A1 /* ShadowButton.m in Sources */,
				71A09CFF20FD11290047CB12 /* PCMovieDetailViewController.m in Sources */,
				951A794F20FD0E77003D3901 /* PCShelfViewController.m in Sources */,
				7178E8A821010D2300431364 /* PCReviewViewController.m in Sources */,
				959B2B012100F8B6005D418E /* ShelfPickerCell.m in Sources */,
				951A795320FD0F2F003D3901 /* APIManager.m in Sources */,
				953A1AAD2107F097008215B0 /* PCUserSearchViewController.m in Sources */,
				953A1ACB210BD1E3008215B0 /* FeedReviewCell.m in Sources */,
				951A791F20FD0A8B003D3901 /* main.m in Sources */,
				71F631CA2102AD11001BAA77 /* PCActorDetailViewController.m in Sources */,
				953A1AE821139E8A008215B0 /* TheatreAnnotation.m in Sources */,
				959B2AFE210003B0005D418E /* PCShelfPickerViewController.m in Sources */,
				953A1AD72110F24D008215B0 /* PCSingleReviewViewController.m in Sources */,
				26A0490A210A6F4C00DF8496 /* Relations.m in Sources */,
				951A794C20FD0E42003D3901 /* PCLibraryViewController.m in Sources */,
				7178E8AB21010D4D00431364 /* ReviewCell.m in Sources */,
				953A1AC2210B89D4008215B0 /* PCUserProfileViewController.m in Sources */,
				959B2AF920FFEB1D005D418E /* PCTrailerViewController.m in Sources */,
				951A791120FD0A89003D3901 /* AppDelegate.m in Sources */,
				71658FBD20FD37C1002190B3 /* CastCollectionViewCell.m in Sources */,
				953A1AE021121E41008215B0 /* APIManagerMovieGlu.m in Sources */,
				26DBAEB0211126910025438D /* PCMovieDiscussionViewController.m in Sources */,
				26AF5796211A56B10046A658 /* myChatCell.m in Sources */,
				953A1AD4210FD0E8008215B0 /* ShelfUpdateCell.m in Sources */,
				953A1AEB2114CCB5008215B0 /* TheatreMoviesCell.m in Sources */,
				26A04901210A6C6000DF8496 /* Movie.m in Sources */,
				7188D3372107E4690057E9AE /* PCActorBioViewController.m in Sources */,
				2615651B2112353B00930B68 /* Chat.m in Sources */,
			);
			runOnlyForDeploymentPostprocessing = 0;
		};
		951A792020FD0A8B003D3901 /* Sources */ = {
			isa = PBXSourcesBuildPhase;
			buildActionMask = 2147483647;
			files = (
				951A792920FD0A8B003D3901 /* PopcornTests.m in Sources */,
			);
			runOnlyForDeploymentPostprocessing = 0;
		};
		951A792B20FD0A8B003D3901 /* Sources */ = {
			isa = PBXSourcesBuildPhase;
			buildActionMask = 2147483647;
			files = (
				951A793420FD0A8B003D3901 /* PopcornUITests.m in Sources */,
			);
			runOnlyForDeploymentPostprocessing = 0;
		};
/* End PBXSourcesBuildPhase section */

/* Begin PBXTargetDependency section */
		951A792620FD0A8B003D3901 /* PBXTargetDependency */ = {
			isa = PBXTargetDependency;
			target = 951A790B20FD0A89003D3901 /* Popcorn */;
			targetProxy = 951A792520FD0A8B003D3901 /* PBXContainerItemProxy */;
		};
		951A793120FD0A8B003D3901 /* PBXTargetDependency */ = {
			isa = PBXTargetDependency;
			target = 951A790B20FD0A89003D3901 /* Popcorn */;
			targetProxy = 951A793020FD0A8B003D3901 /* PBXContainerItemProxy */;
		};
/* End PBXTargetDependency section */

/* Begin PBXVariantGroup section */
		951A791520FD0A89003D3901 /* Main.storyboard */ = {
			isa = PBXVariantGroup;
			children = (
				951A791620FD0A89003D3901 /* Base */,
			);
			name = Main.storyboard;
			sourceTree = "<group>";
		};
		951A791A20FD0A8B003D3901 /* LaunchScreen.storyboard */ = {
			isa = PBXVariantGroup;
			children = (
				951A791B20FD0A8B003D3901 /* Base */,
			);
			name = LaunchScreen.storyboard;
			sourceTree = "<group>";
		};
/* End PBXVariantGroup section */

/* Begin XCBuildConfiguration section */
		951A793620FD0A8B003D3901 /* Debug */ = {
			isa = XCBuildConfiguration;
			buildSettings = {
				ALWAYS_SEARCH_USER_PATHS = NO;
				CLANG_ANALYZER_NONNULL = YES;
				CLANG_ANALYZER_NUMBER_OBJECT_CONVERSION = YES_AGGRESSIVE;
				CLANG_CXX_LANGUAGE_STANDARD = "gnu++14";
				CLANG_CXX_LIBRARY = "libc++";
				CLANG_ENABLE_MODULES = YES;
				CLANG_ENABLE_OBJC_ARC = YES;
				CLANG_ENABLE_OBJC_WEAK = YES;
				CLANG_WARN_BLOCK_CAPTURE_AUTORELEASING = YES;
				CLANG_WARN_BOOL_CONVERSION = YES;
				CLANG_WARN_COMMA = YES;
				CLANG_WARN_CONSTANT_CONVERSION = YES;
				CLANG_WARN_DEPRECATED_OBJC_IMPLEMENTATIONS = YES;
				CLANG_WARN_DIRECT_OBJC_ISA_USAGE = YES_ERROR;
				CLANG_WARN_DOCUMENTATION_COMMENTS = YES;
				CLANG_WARN_EMPTY_BODY = YES;
				CLANG_WARN_ENUM_CONVERSION = YES;
				CLANG_WARN_INFINITE_RECURSION = YES;
				CLANG_WARN_INT_CONVERSION = YES;
				CLANG_WARN_NON_LITERAL_NULL_CONVERSION = YES;
				CLANG_WARN_OBJC_IMPLICIT_RETAIN_SELF = YES;
				CLANG_WARN_OBJC_LITERAL_CONVERSION = YES;
				CLANG_WARN_OBJC_ROOT_CLASS = YES_ERROR;
				CLANG_WARN_RANGE_LOOP_ANALYSIS = YES;
				CLANG_WARN_STRICT_PROTOTYPES = YES;
				CLANG_WARN_SUSPICIOUS_MOVE = YES;
				CLANG_WARN_UNGUARDED_AVAILABILITY = YES_AGGRESSIVE;
				CLANG_WARN_UNREACHABLE_CODE = YES;
				CLANG_WARN__DUPLICATE_METHOD_MATCH = YES;
				CODE_SIGN_IDENTITY = "iPhone Developer";
				COPY_PHASE_STRIP = NO;
				DEBUG_INFORMATION_FORMAT = dwarf;
				ENABLE_STRICT_OBJC_MSGSEND = YES;
				ENABLE_TESTABILITY = YES;
				GCC_C_LANGUAGE_STANDARD = gnu11;
				GCC_DYNAMIC_NO_PIC = NO;
				GCC_NO_COMMON_BLOCKS = YES;
				GCC_OPTIMIZATION_LEVEL = 0;
				GCC_PREPROCESSOR_DEFINITIONS = (
					"DEBUG=1",
					"$(inherited)",
				);
				GCC_WARN_64_TO_32_BIT_CONVERSION = YES;
				GCC_WARN_ABOUT_RETURN_TYPE = YES_ERROR;
				GCC_WARN_UNDECLARED_SELECTOR = YES;
				GCC_WARN_UNINITIALIZED_AUTOS = YES_AGGRESSIVE;
				GCC_WARN_UNUSED_FUNCTION = YES;
				GCC_WARN_UNUSED_VARIABLE = YES;
				IPHONEOS_DEPLOYMENT_TARGET = 11.4;
				MTL_ENABLE_DEBUG_INFO = YES;
				ONLY_ACTIVE_ARCH = YES;
				SDKROOT = iphoneos;
			};
			name = Debug;
		};
		951A793720FD0A8B003D3901 /* Release */ = {
			isa = XCBuildConfiguration;
			buildSettings = {
				ALWAYS_SEARCH_USER_PATHS = NO;
				CLANG_ANALYZER_NONNULL = YES;
				CLANG_ANALYZER_NUMBER_OBJECT_CONVERSION = YES_AGGRESSIVE;
				CLANG_CXX_LANGUAGE_STANDARD = "gnu++14";
				CLANG_CXX_LIBRARY = "libc++";
				CLANG_ENABLE_MODULES = YES;
				CLANG_ENABLE_OBJC_ARC = YES;
				CLANG_ENABLE_OBJC_WEAK = YES;
				CLANG_WARN_BLOCK_CAPTURE_AUTORELEASING = YES;
				CLANG_WARN_BOOL_CONVERSION = YES;
				CLANG_WARN_COMMA = YES;
				CLANG_WARN_CONSTANT_CONVERSION = YES;
				CLANG_WARN_DEPRECATED_OBJC_IMPLEMENTATIONS = YES;
				CLANG_WARN_DIRECT_OBJC_ISA_USAGE = YES_ERROR;
				CLANG_WARN_DOCUMENTATION_COMMENTS = YES;
				CLANG_WARN_EMPTY_BODY = YES;
				CLANG_WARN_ENUM_CONVERSION = YES;
				CLANG_WARN_INFINITE_RECURSION = YES;
				CLANG_WARN_INT_CONVERSION = YES;
				CLANG_WARN_NON_LITERAL_NULL_CONVERSION = YES;
				CLANG_WARN_OBJC_IMPLICIT_RETAIN_SELF = YES;
				CLANG_WARN_OBJC_LITERAL_CONVERSION = YES;
				CLANG_WARN_OBJC_ROOT_CLASS = YES_ERROR;
				CLANG_WARN_RANGE_LOOP_ANALYSIS = YES;
				CLANG_WARN_STRICT_PROTOTYPES = YES;
				CLANG_WARN_SUSPICIOUS_MOVE = YES;
				CLANG_WARN_UNGUARDED_AVAILABILITY = YES_AGGRESSIVE;
				CLANG_WARN_UNREACHABLE_CODE = YES;
				CLANG_WARN__DUPLICATE_METHOD_MATCH = YES;
				CODE_SIGN_IDENTITY = "iPhone Developer";
				COPY_PHASE_STRIP = NO;
				DEBUG_INFORMATION_FORMAT = "dwarf-with-dsym";
				ENABLE_NS_ASSERTIONS = NO;
				ENABLE_STRICT_OBJC_MSGSEND = YES;
				GCC_C_LANGUAGE_STANDARD = gnu11;
				GCC_NO_COMMON_BLOCKS = YES;
				GCC_WARN_64_TO_32_BIT_CONVERSION = YES;
				GCC_WARN_ABOUT_RETURN_TYPE = YES_ERROR;
				GCC_WARN_UNDECLARED_SELECTOR = YES;
				GCC_WARN_UNINITIALIZED_AUTOS = YES_AGGRESSIVE;
				GCC_WARN_UNUSED_FUNCTION = YES;
				GCC_WARN_UNUSED_VARIABLE = YES;
				IPHONEOS_DEPLOYMENT_TARGET = 11.4;
				MTL_ENABLE_DEBUG_INFO = NO;
				SDKROOT = iphoneos;
				VALIDATE_PRODUCT = YES;
			};
			name = Release;
		};
		951A793920FD0A8B003D3901 /* Debug */ = {
			isa = XCBuildConfiguration;
			baseConfigurationReference = 24D5563D194E4060F7DE0628 /* Pods-Popcorn.debug.xcconfig */;
			buildSettings = {
				ASSETCATALOG_COMPILER_APPICON_NAME = AppIcon;
				CODE_SIGN_STYLE = Automatic;
				DEVELOPMENT_TEAM = CVY782JBJS;
				INFOPLIST_FILE = Popcorn/Info.plist;
				IPHONEOS_DEPLOYMENT_TARGET = 11.3;
				LD_RUNPATH_SEARCH_PATHS = (
					"$(inherited)",
					"@executable_path/Frameworks",
				);
				PRODUCT_BUNDLE_IDENTIFIER = com.ruchapatki.Popcorn;
				PRODUCT_NAME = "$(TARGET_NAME)";
				TARGETED_DEVICE_FAMILY = "1,2";
			};
			name = Debug;
		};
		951A793A20FD0A8B003D3901 /* Release */ = {
			isa = XCBuildConfiguration;
			baseConfigurationReference = 7EAFEEDDED5793EBE028DAAD /* Pods-Popcorn.release.xcconfig */;
			buildSettings = {
				ASSETCATALOG_COMPILER_APPICON_NAME = AppIcon;
				CODE_SIGN_STYLE = Automatic;
				DEVELOPMENT_TEAM = CVY782JBJS;
				INFOPLIST_FILE = Popcorn/Info.plist;
				IPHONEOS_DEPLOYMENT_TARGET = 11.3;
				LD_RUNPATH_SEARCH_PATHS = (
					"$(inherited)",
					"@executable_path/Frameworks",
				);
				PRODUCT_BUNDLE_IDENTIFIER = com.eomondi.Popcorn.awesome;
				PRODUCT_NAME = "$(TARGET_NAME)";
				TARGETED_DEVICE_FAMILY = "1,2";
			};
			name = Release;
		};
		951A793C20FD0A8B003D3901 /* Debug */ = {
			isa = XCBuildConfiguration;
			baseConfigurationReference = D1F26F587999050C3F8A05BB /* Pods-PopcornTests.debug.xcconfig */;
			buildSettings = {
				BUNDLE_LOADER = "$(TEST_HOST)";
				CODE_SIGN_STYLE = Automatic;
				INFOPLIST_FILE = PopcornTests/Info.plist;
				LD_RUNPATH_SEARCH_PATHS = (
					"$(inherited)",
					"@executable_path/Frameworks",
					"@loader_path/Frameworks",
				);
				PRODUCT_BUNDLE_IDENTIFIER = com.ruchapatki.PopcornTests;
				PRODUCT_NAME = "$(TARGET_NAME)";
				TARGETED_DEVICE_FAMILY = "1,2";
				TEST_HOST = "$(BUILT_PRODUCTS_DIR)/Popcorn.app/Popcorn";
			};
			name = Debug;
		};
		951A793D20FD0A8B003D3901 /* Release */ = {
			isa = XCBuildConfiguration;
			baseConfigurationReference = 381BA8A5DE7ACA1F63323BB0 /* Pods-PopcornTests.release.xcconfig */;
			buildSettings = {
				BUNDLE_LOADER = "$(TEST_HOST)";
				CODE_SIGN_STYLE = Automatic;
				INFOPLIST_FILE = PopcornTests/Info.plist;
				LD_RUNPATH_SEARCH_PATHS = (
					"$(inherited)",
					"@executable_path/Frameworks",
					"@loader_path/Frameworks",
				);
				PRODUCT_BUNDLE_IDENTIFIER = com.ruchapatki.PopcornTests;
				PRODUCT_NAME = "$(TARGET_NAME)";
				TARGETED_DEVICE_FAMILY = "1,2";
				TEST_HOST = "$(BUILT_PRODUCTS_DIR)/Popcorn.app/Popcorn";
			};
			name = Release;
		};
		951A793F20FD0A8B003D3901 /* Debug */ = {
			isa = XCBuildConfiguration;
			baseConfigurationReference = 0B6218C2BCC13B7F500C09ED /* Pods-PopcornUITests.debug.xcconfig */;
			buildSettings = {
				CODE_SIGN_STYLE = Automatic;
				INFOPLIST_FILE = PopcornUITests/Info.plist;
				LD_RUNPATH_SEARCH_PATHS = (
					"$(inherited)",
					"@executable_path/Frameworks",
					"@loader_path/Frameworks",
				);
				PRODUCT_BUNDLE_IDENTIFIER = com.ruchapatki.PopcornUITests;
				PRODUCT_NAME = "$(TARGET_NAME)";
				TARGETED_DEVICE_FAMILY = "1,2";
				TEST_TARGET_NAME = Popcorn;
			};
			name = Debug;
		};
		951A794020FD0A8B003D3901 /* Release */ = {
			isa = XCBuildConfiguration;
			baseConfigurationReference = D58AF72C9334674A442A9E5D /* Pods-PopcornUITests.release.xcconfig */;
			buildSettings = {
				CODE_SIGN_STYLE = Automatic;
				INFOPLIST_FILE = PopcornUITests/Info.plist;
				LD_RUNPATH_SEARCH_PATHS = (
					"$(inherited)",
					"@executable_path/Frameworks",
					"@loader_path/Frameworks",
				);
				PRODUCT_BUNDLE_IDENTIFIER = com.ruchapatki.PopcornUITests;
				PRODUCT_NAME = "$(TARGET_NAME)";
				TARGETED_DEVICE_FAMILY = "1,2";
				TEST_TARGET_NAME = Popcorn;
			};
			name = Release;
		};
/* End XCBuildConfiguration section */

/* Begin XCConfigurationList section */
		951A790720FD0A89003D3901 /* Build configuration list for PBXProject "Popcorn" */ = {
			isa = XCConfigurationList;
			buildConfigurations = (
				951A793620FD0A8B003D3901 /* Debug */,
				951A793720FD0A8B003D3901 /* Release */,
			);
			defaultConfigurationIsVisible = 0;
			defaultConfigurationName = Release;
		};
		951A793820FD0A8B003D3901 /* Build configuration list for PBXNativeTarget "Popcorn" */ = {
			isa = XCConfigurationList;
			buildConfigurations = (
				951A793920FD0A8B003D3901 /* Debug */,
				951A793A20FD0A8B003D3901 /* Release */,
			);
			defaultConfigurationIsVisible = 0;
			defaultConfigurationName = Release;
		};
		951A793B20FD0A8B003D3901 /* Build configuration list for PBXNativeTarget "PopcornTests" */ = {
			isa = XCConfigurationList;
			buildConfigurations = (
				951A793C20FD0A8B003D3901 /* Debug */,
				951A793D20FD0A8B003D3901 /* Release */,
			);
			defaultConfigurationIsVisible = 0;
			defaultConfigurationName = Release;
		};
		951A793E20FD0A8B003D3901 /* Build configuration list for PBXNativeTarget "PopcornUITests" */ = {
			isa = XCConfigurationList;
			buildConfigurations = (
				951A793F20FD0A8B003D3901 /* Debug */,
				951A794020FD0A8B003D3901 /* Release */,
			);
			defaultConfigurationIsVisible = 0;
			defaultConfigurationName = Release;
		};
/* End XCConfigurationList section */
	};
	rootObject = 951A790420FD0A89003D3901 /* Project object */;
}
